
Microsoft Visual Studio Solution File, Format Version 12.00
# Visual Studio 14
VisualStudioVersion = 14.0.25420.1
MinimumVisualStudioVersion = 10.0.40219.1
Project("{2150E333-8FDC-42A3-9474-1A3956D46DE8}") = "services", "services", "{EE6D72F3-FB44-41F1-9BD7-44C11B1BD0A9}"
EndProject
Project("{FAE04EC0-301F-11D3-BF4B-00C04F79EFBC}") = "Entitys", "Entitys\Entitys.csproj", "{A40FD60D-3574-4DFE-8187-797A9CBA0C9D}"
EndProject
Project("{FAE04EC0-301F-11D3-BF4B-00C04F79EFBC}") = "WindowsService1", "WindowsService1\WindowsService1.csproj", "{E8C8F39E-4181-45A8-B518-7FC98A98A623}"
EndProject
Project("{2150E333-8FDC-42A3-9474-1A3956D46DE8}") = "DistributedServices", "DistributedServices", "{691E6556-7012-4D99-A82E-0426AE892EF7}"
EndProject
Project("{FAE04EC0-301F-11D3-BF4B-00C04F79EFBC}") = "LoadManagement", "LoadManagement\LoadManagement.csproj", "{4EA55E09-F986-4BCC-BFC3-E3ADBD4F3093}"
EndProject
Project("{FAE04EC0-301F-11D3-BF4B-00C04F79EFBC}") = "LoadManagementModels", "LoadManagementModels\LoadManagementModels.csproj", "{CDDF2660-67AE-48F6-AD64-8726169063AE}"
EndProject
Project("{FAE04EC0-301F-11D3-BF4B-00C04F79EFBC}") = "FileManager", "FileManager\FileManager.csproj", "{A54BB395-4174-4138-B97C-748DFDABC19F}"
EndProject
Project("{FAE04EC0-301F-11D3-BF4B-00C04F79EFBC}") = "FileManagerHosting", "FileManagerHosting\FileManagerHosting.csproj", "{E7D4B125-E250-4CA7-B33D-B76362657609}"
EndProject
Project("{FAE04EC0-301F-11D3-BF4B-00C04F79EFBC}") = "LoadManagementHosting", "LoadManagementHosting\LoadManagementHosting.csproj", "{12600373-5499-4174-8E84-3EAA084EF9C8}"
EndProject
Project("{FAE04EC0-301F-11D3-BF4B-00C04F79EFBC}") = "MessageManager", "MessageManager\MessageManager.csproj", "{9A1845BF-7FE8-4167-999A-A45A0845D37E}"
EndProject
Project("{FAE04EC0-301F-11D3-BF4B-00C04F79EFBC}") = "MessageManagerHosting", "MessageManagerHosting\MessageManagerHosting.csproj", "{EFB157AF-6F53-45D8-9003-F5BC352A0025}"
EndProject
Project("{FAE04EC0-301F-11D3-BF4B-00C04F79EFBC}") = "SZORM_4.5", "SZORM\SZORM_4.5.csproj", "{0AED9844-6935-4FF1-A52D-E3D6CA208DE1}"
EndProject
Project("{FAE04EC0-301F-11D3-BF4B-00C04F79EFBC}") = "Helpers_4.5", "SZHelpers\Helpers_4.5.csproj", "{82A22B70-5EDF-46D4-8579-60F49ADCF56A}"
EndProject
Global
	GlobalSection(SolutionConfigurationPlatforms) = preSolution
		Debug|Any CPU = Debug|Any CPU
		Release|Any CPU = Release|Any CPU
	EndGlobalSection
	GlobalSection(ProjectConfigurationPlatforms) = postSolution
		{A40FD60D-3574-4DFE-8187-797A9CBA0C9D}.Debug|Any CPU.ActiveCfg = Debug|Any CPU
		{A40FD60D-3574-4DFE-8187-797A9CBA0C9D}.Debug|Any CPU.Build.0 = Debug|Any CPU
		{A40FD60D-3574-4DFE-8187-797A9CBA0C9D}.Release|Any CPU.ActiveCfg = Release|Any CPU
		{A40FD60D-3574-4DFE-8187-797A9CBA0C9D}.Release|Any CPU.Build.0 = Release|Any CPU
		{E8C8F39E-4181-45A8-B518-7FC98A98A623}.Debug|Any CPU.ActiveCfg = Debug|Any CPU
		{E8C8F39E-4181-45A8-B518-7FC98A98A623}.Debug|Any CPU.Build.0 = Debug|Any CPU
		{E8C8F39E-4181-45A8-B518-7FC98A98A623}.Release|Any CPU.ActiveCfg = Release|Any CPU
		{E8C8F39E-4181-45A8-B518-7FC98A98A623}.Release|Any CPU.Build.0 = Release|Any CPU
		{4EA55E09-F986-4BCC-BFC3-E3ADBD4F3093}.Debug|Any CPU.ActiveCfg = Debug|Any CPU
		{4EA55E09-F986-4BCC-BFC3-E3ADBD4F3093}.Debug|Any CPU.Build.0 = Debug|Any CPU
		{4EA55E09-F986-4BCC-BFC3-E3ADBD4F3093}.Release|Any CPU.ActiveCfg = Release|Any CPU
		{4EA55E09-F986-4BCC-BFC3-E3ADBD4F3093}.Release|Any CPU.Build.0 = Release|Any CPU
		{CDDF2660-67AE-48F6-AD64-8726169063AE}.Debug|Any CPU.ActiveCfg = Debug|Any CPU
		{CDDF2660-67AE-48F6-AD64-8726169063AE}.Debug|Any CPU.Build.0 = Debug|Any CPU
		{CDDF2660-67AE-48F6-AD64-8726169063AE}.Release|Any CPU.ActiveCfg = Release|Any CPU
		{CDDF2660-67AE-48F6-AD64-8726169063AE}.Release|Any CPU.Build.0 = Release|Any CPU
		{A54BB395-4174-4138-B97C-748DFDABC19F}.Debug|Any CPU.ActiveCfg = Debug|Any CPU
		{A54BB395-4174-4138-B97C-748DFDABC19F}.Debug|Any CPU.Build.0 = Debug|Any CPU
		{A54BB395-4174-4138-B97C-748DFDABC19F}.Release|Any CPU.ActiveCfg = Release|Any CPU
		{A54BB395-4174-4138-B97C-748DFDABC19F}.Release|Any CPU.Build.0 = Release|Any CPU
		{E7D4B125-E250-4CA7-B33D-B76362657609}.Debug|Any CPU.ActiveCfg = Debug|Any CPU
		{E7D4B125-E250-4CA7-B33D-B76362657609}.Debug|Any CPU.Build.0 = Debug|Any CPU
		{E7D4B125-E250-4CA7-B33D-B76362657609}.Release|Any CPU.ActiveCfg = Release|Any CPU
		{E7D4B125-E250-4CA7-B33D-B76362657609}.Release|Any CPU.Build.0 = Release|Any CPU
		{12600373-5499-4174-8E84-3EAA084EF9C8}.Debug|Any CPU.ActiveCfg = Debug|Any CPU
		{12600373-5499-4174-8E84-3EAA084EF9C8}.Debug|Any CPU.Build.0 = Debug|Any CPU
		{12600373-5499-4174-8E84-3EAA084EF9C8}.Release|Any CPU.ActiveCfg = Release|Any CPU
		{12600373-5499-4174-8E84-3EAA084EF9C8}.Release|Any CPU.Build.0 = Release|Any CPU
		{9A1845BF-7FE8-4167-999A-A45A0845D37E}.Debug|Any CPU.ActiveCfg = Debug|Any CPU
		{9A1845BF-7FE8-4167-999A-A45A0845D37E}.Debug|Any CPU.Build.0 = Debug|Any CPU
		{9A1845BF-7FE8-4167-999A-A45A0845D37E}.Release|Any CPU.ActiveCfg = Release|Any CPU
		{9A1845BF-7FE8-4167-999A-A45A0845D37E}.Release|Any CPU.Build.0 = Release|Any CPU
		{EFB157AF-6F53-45D8-9003-F5BC352A0025}.Debug|Any CPU.ActiveCfg = Debug|Any CPU
		{EFB157AF-6F53-45D8-9003-F5BC352A0025}.Debug|Any CPU.Build.0 = Debug|Any CPU
		{EFB157AF-6F53-45D8-9003-F5BC352A0025}.Release|Any CPU.ActiveCfg = Release|Any CPU
		{EFB157AF-6F53-45D8-9003-F5BC352A0025}.Release|Any CPU.Build.0 = Release|Any CPU
		{0AED9844-6935-4FF1-A52D-E3D6CA208DE1}.Debug|Any CPU.ActiveCfg = Debug|Any CPU
		{0AED9844-6935-4FF1-A52D-E3D6CA208DE1}.Debug|Any CPU.Build.0 = Debug|Any CPU
		{0AED9844-6935-4FF1-A52D-E3D6CA208DE1}.Release|Any CPU.ActiveCfg = Release|Any CPU
		{0AED9844-6935-4FF1-A52D-E3D6CA208DE1}.Release|Any CPU.Build.0 = Release|Any CPU
		{82A22B70-5EDF-46D4-8579-60F49ADCF56A}.Debug|Any CPU.ActiveCfg = Debug|Any CPU
		{82A22B70-5EDF-46D4-8579-60F49ADCF56A}.Debug|Any CPU.Build.0 = Debug|Any CPU
		{82A22B70-5EDF-46D4-8579-60F49ADCF56A}.Release|Any CPU.ActiveCfg = Release|Any CPU
		{82A22B70-5EDF-46D4-8579-60F49ADCF56A}.Release|Any CPU.Build.0 = Release|Any CPU
	EndGlobalSection
	GlobalSection(SolutionProperties) = preSolution
		HideSolutionNode = FALSE
	EndGlobalSection
	GlobalSection(NestedProjects) = preSolution
		{A40FD60D-3574-4DFE-8187-797A9CBA0C9D} = {EE6D72F3-FB44-41F1-9BD7-44C11B1BD0A9}
		{E8C8F39E-4181-45A8-B518-7FC98A98A623} = {EE6D72F3-FB44-41F1-9BD7-44C11B1BD0A9}
		{4EA55E09-F986-4BCC-BFC3-E3ADBD4F3093} = {691E6556-7012-4D99-A82E-0426AE892EF7}
		{CDDF2660-67AE-48F6-AD64-8726169063AE} = {691E6556-7012-4D99-A82E-0426AE892EF7}
		{A54BB395-4174-4138-B97C-748DFDABC19F} = {691E6556-7012-4D99-A82E-0426AE892EF7}
		{E7D4B125-E250-4CA7-B33D-B76362657609} = {691E6556-7012-4D99-A82E-0426AE892EF7}
		{12600373-5499-4174-8E84-3EAA084EF9C8} = {691E6556-7012-4D99-A82E-0426AE892EF7}
		{9A1845BF-7FE8-4167-999A-A45A0845D37E} = {691E6556-7012-4D99-A82E-0426AE892EF7}
		{EFB157AF-6F53-45D8-9003-F5BC352A0025} = {691E6556-7012-4D99-A82E-0426AE892EF7}
		{0AED9844-6935-4FF1-A52D-E3D6CA208DE1} = {EE6D72F3-FB44-41F1-9BD7-44C11B1BD0A9}
		{82A22B70-5EDF-46D4-8579-60F49ADCF56A} = {EE6D72F3-FB44-41F1-9BD7-44C11B1BD0A9}
	EndGlobalSection
EndGlobal
